
Microsoft Visual Studio Solution File, Format Version 12.00
# Visual Studio 15
VisualStudioVersion = 15.0.28307.489
MinimumVisualStudioVersion = 10.0.40219.1
Project("{FAE04EC0-301F-11D3-BF4B-00C04F79EFBC}") = "Dispatch", "Dispatch\Dispatch.csproj", "{B77297C0-747E-44CF-B0C7-758854550D03}"
EndProject
Global
	GlobalSection(SolutionConfigurationPlatforms) = preSolution
		Debug|Any CPU = Debug|Any CPU
		Release|Any CPU = Release|Any CPU
	EndGlobalSection
	GlobalSection(ProjectConfigurationPlatforms) = postSolution
		{B77297C0-747E-44CF-B0C7-758854550D03}.Debug|Any CPU.ActiveCfg = Debug|Any CPU
		{B77297C0-747E-44CF-B0C7-758854550D03}.Debug|Any CPU.Build.0 = Debug|Any CPU
		{B77297C0-747E-44CF-B0C7-758854550D03}.Release|Any CPU.ActiveCfg = Release|Any CPU
		{B77297C0-747E-44CF-B0C7-758854550D03}.Release|Any CPU.Build.0 = Release|Any CPU
	EndGlobalSection
	GlobalSection(SolutionProperties) = preSolution
		HideSolutionNode = FALSE
	EndGlobalSection
	GlobalSection(ExtensibilityGlobals) = postSolution
		SolutionGuid = {842CC923-5C32-4893-A09A-9755122D3C4E}
	EndGlobalSection
EndGlobal
